
Microsoft Visual Studio Solution File, Format Version 12.00
# Visual Studio Version 17
VisualStudioVersion = 17.0.32112.339
MinimumVisualStudioVersion = 10.0.40219.1
Project("{FAE04EC0-301F-11D3-BF4B-00C04F79EFBC}") = "AutoKeyConverter", "AutoKeyConverter\AutoKeyConverter.csproj", "{6FC2C4C0-1C57-41BC-947D-0CB625AE99B0}"
EndProject
Global
	GlobalSection(SolutionConfigurationPlatforms) = preSolution
		Debug|Any CPU = Debug|Any CPU
		Release|Any CPU = Release|Any CPU
	EndGlobalSection
	GlobalSection(ProjectConfigurationPlatforms) = postSolution
		{6FC2C4C0-1C57-41BC-947D-0CB625AE99B0}.Debug|Any CPU.ActiveCfg = Debug|Any CPU
		{6FC2C4C0-1C57-41BC-947D-0CB625AE99B0}.Debug|Any CPU.Build.0 = Debug|Any CPU
		{6FC2C4C0-1C57-41BC-947D-0CB625AE99B0}.Release|Any CPU.ActiveCfg = Release|Any CPU
		{6FC2C4C0-1C57-41BC-947D-0CB625AE99B0}.Release|Any CPU.Build.0 = Release|Any CPU
	EndGlobalSection
	GlobalSection(SolutionProperties) = preSolution
		HideSolutionNode = FALSE
	EndGlobalSection
	GlobalSection(ExtensibilityGlobals) = postSolution
		SolutionGuid = {846AED28-9A9A-4546-BDE2-D429F3B23ECA}
	EndGlobalSection
EndGlobal
